// !$*UTF8*$!
{
	archiveVersion = 1;
	classes = {
	};
	objectVersion = 55;
	objects = {

/* Begin PBXBuildFile section */
		434A739828040BA500779518 /* AppDelegate.swift in Sources */ = {isa = PBXBuildFile; fileRef = 434A739728040BA500779518 /* AppDelegate.swift */; };
		434A739A28040BA500779518 /* SceneDelegate.swift in Sources */ = {isa = PBXBuildFile; fileRef = 434A739928040BA500779518 /* SceneDelegate.swift */; };
		434A739C28040BA500779518 /* ViewController.swift in Sources */ = {isa = PBXBuildFile; fileRef = 434A739B28040BA500779518 /* ViewController.swift */; };
		434A739F28040BA500779518 /* Main.storyboard in Resources */ = {isa = PBXBuildFile; fileRef = 434A739D28040BA500779518 /* Main.storyboard */; };
		434A73A128040BA700779518 /* Assets.xcassets in Resources */ = {isa = PBXBuildFile; fileRef = 434A73A028040BA700779518 /* Assets.xcassets */; };
		434A73A428040BA700779518 /* LaunchScreen.storyboard in Resources */ = {isa = PBXBuildFile; fileRef = 434A73A228040BA700779518 /* LaunchScreen.storyboard */; };
		434B09D4281FFA780003EFC6 /* Montserrat-VariableFont_wght.ttf in Resources */ = {isa = PBXBuildFile; fileRef = 434B09D2281FFA780003EFC6 /* Montserrat-VariableFont_wght.ttf */; };
		434B09D5281FFA780003EFC6 /* Montserrat-Italic-VariableFont_wght.ttf in Resources */ = {isa = PBXBuildFile; fileRef = 434B09D3281FFA780003EFC6 /* Montserrat-Italic-VariableFont_wght.ttf */; };
		4350304F280689A100191E59 /* ShopifyClient.swift in Sources */ = {isa = PBXBuildFile; fileRef = 4350304E280689A100191E59 /* ShopifyClient.swift */; };
		435572AA2804109D00F0924A /* apikey.plist in Resources */ = {isa = PBXBuildFile; fileRef = 435572A92804109D00F0924A /* apikey.plist */; };
		435572AC2804129500F0924A /* KeyManager.swift in Sources */ = {isa = PBXBuildFile; fileRef = 435572AB2804129500F0924A /* KeyManager.swift */; };
		435572AF2804B32B00F0924A /* Buy in Frameworks */ = {isa = PBXBuildFile; productRef = 435572AE2804B32B00F0924A /* Buy */; };
		435572B12804B32B00F0924A /* Pay in Frameworks */ = {isa = PBXBuildFile; productRef = 435572B02804B32B00F0924A /* Pay */; };
		438B3DDC2833622500A1C77A /* icon-dress@2x.png in Resources */ = {isa = PBXBuildFile; fileRef = 438B3DDB2833622500A1C77A /* icon-dress@2x.png */; };
		438B3DDE283363BF00A1C77A /* icon-dress.png in Resources */ = {isa = PBXBuildFile; fileRef = 438B3DDD283363BF00A1C77A /* icon-dress.png */; };
		438EB8F42808860F009F783F /* UIImageExtensions.swift in Sources */ = {isa = PBXBuildFile; fileRef = 438EB8F32808860F009F783F /* UIImageExtensions.swift */; };
		438EB8F72808B392009F783F /* TilesCollectionViewFlowLayout.swift in Sources */ = {isa = PBXBuildFile; fileRef = 438EB8F62808B392009F783F /* TilesCollectionViewFlowLayout.swift */; };
		438EB8FB28093C97009F783F /* ProductDetailViewController.swift in Sources */ = {isa = PBXBuildFile; fileRef = 438EB8FA28093C97009F783F /* ProductDetailViewController.swift */; };
		438EB8FD280BD021009F783F /* ProductListViewController.swift in Sources */ = {isa = PBXBuildFile; fileRef = 438EB8FC280BD021009F783F /* ProductListViewController.swift */; };
		438EB90B280C773D009F783F /* StampSelectViewController.swift in Sources */ = {isa = PBXBuildFile; fileRef = 438EB90A280C773D009F783F /* StampSelectViewController.swift */; };
		438EB910280CB763009F783F /* StampView.swift in Sources */ = {isa = PBXBuildFile; fileRef = 438EB90F280CB763009F783F /* StampView.swift */; };
		438EB912280D2643009F783F /* FittingRoomViewController.swift in Sources */ = {isa = PBXBuildFile; fileRef = 438EB911280D2643009F783F /* FittingRoomViewController.swift */; };
		438EB914280DC530009F783F /* StampScrollView.swift in Sources */ = {isa = PBXBuildFile; fileRef = 438EB913280DC530009F783F /* StampScrollView.swift */; };
		43ADB4F3282A9A7A0027D3CE /* hero2.jpg in Resources */ = {isa = PBXBuildFile; fileRef = 43ADB4F2282A9A7A0027D3CE /* hero2.jpg */; };
		43B155F1281E8C950050C884 /* hero1.gif in Resources */ = {isa = PBXBuildFile; fileRef = 43B155F0281E8C950050C884 /* hero1.gif */; };
		43C7653C282FAAB3000DCFC1 /* HeroTop.jpg in Resources */ = {isa = PBXBuildFile; fileRef = 43C7653B282FAAB3000DCFC1 /* HeroTop.jpg */; };
		43C7653E282FB0F0000DCFC1 /* HeroTop2.jpg in Resources */ = {isa = PBXBuildFile; fileRef = 43C7653D282FB0F0000DCFC1 /* HeroTop2.jpg */; };
		43C76541282FB8C7000DCFC1 /* dress2.png in Resources */ = {isa = PBXBuildFile; fileRef = 43C7653F282FB8C6000DCFC1 /* dress2.png */; };
		43C76542282FB8C7000DCFC1 /* dress1.png in Resources */ = {isa = PBXBuildFile; fileRef = 43C76540282FB8C7000DCFC1 /* dress1.png */; };
		43C76545282FC240000DCFC1 /* heroProducts.jpg in Resources */ = {isa = PBXBuildFile; fileRef = 43C76544282FC240000DCFC1 /* heroProducts.jpg */; };
/* End PBXBuildFile section */

/* Begin PBXFileReference section */
		434A739428040BA500779518 /* Shopify.app */ = {isa = PBXFileReference; explicitFileType = wrapper.application; includeInIndex = 0; path = Shopify.app; sourceTree = BUILT_PRODUCTS_DIR; };
		434A739728040BA500779518 /* AppDelegate.swift */ = {isa = PBXFileReference; lastKnownFileType = sourcecode.swift; path = AppDelegate.swift; sourceTree = "<group>"; };
		434A739928040BA500779518 /* SceneDelegate.swift */ = {isa = PBXFileReference; lastKnownFileType = sourcecode.swift; path = SceneDelegate.swift; sourceTree = "<group>"; };
		434A739B28040BA500779518 /* ViewController.swift */ = {isa = PBXFileReference; lastKnownFileType = sourcecode.swift; path = ViewController.swift; sourceTree = "<group>"; };
		434A739E28040BA500779518 /* Base */ = {isa = PBXFileReference; lastKnownFileType = file.storyboard; name = Base; path = Base.lproj/Main.storyboard; sourceTree = "<group>"; };
		434A73A028040BA700779518 /* Assets.xcassets */ = {isa = PBXFileReference; lastKnownFileType = folder.assetcatalog; path = Assets.xcassets; sourceTree = "<group>"; };
		434A73A328040BA700779518 /* Base */ = {isa = PBXFileReference; lastKnownFileType = file.storyboard; name = Base; path = Base.lproj/LaunchScreen.storyboard; sourceTree = "<group>"; };
		434A73A528040BA700779518 /* Info.plist */ = {isa = PBXFileReference; lastKnownFileType = text.plist.xml; path = Info.plist; sourceTree = "<group>"; };
		434B09D2281FFA780003EFC6 /* Montserrat-VariableFont_wght.ttf */ = {isa = PBXFileReference; lastKnownFileType = file; path = "Montserrat-VariableFont_wght.ttf"; sourceTree = "<group>"; };
		434B09D3281FFA780003EFC6 /* Montserrat-Italic-VariableFont_wght.ttf */ = {isa = PBXFileReference; lastKnownFileType = file; path = "Montserrat-Italic-VariableFont_wght.ttf"; sourceTree = "<group>"; };
		4350304E280689A100191E59 /* ShopifyClient.swift */ = {isa = PBXFileReference; lastKnownFileType = sourcecode.swift; path = ShopifyClient.swift; sourceTree = "<group>"; };
		435572A92804109D00F0924A /* apikey.plist */ = {isa = PBXFileReference; lastKnownFileType = text.plist.xml; path = apikey.plist; sourceTree = "<group>"; };
		435572AB2804129500F0924A /* KeyManager.swift */ = {isa = PBXFileReference; lastKnownFileType = sourcecode.swift; path = KeyManager.swift; sourceTree = "<group>"; };
		438B3DDB2833622500A1C77A /* icon-dress@2x.png */ = {isa = PBXFileReference; lastKnownFileType = image.png; path = "icon-dress@2x.png"; sourceTree = "<group>"; };
		438B3DDD283363BF00A1C77A /* icon-dress.png */ = {isa = PBXFileReference; lastKnownFileType = image.png; path = "icon-dress.png"; sourceTree = "<group>"; };
		438EB8F32808860F009F783F /* UIImageExtensions.swift */ = {isa = PBXFileReference; lastKnownFileType = sourcecode.swift; path = UIImageExtensions.swift; sourceTree = "<group>"; };
		438EB8F62808B392009F783F /* TilesCollectionViewFlowLayout.swift */ = {isa = PBXFileReference; lastKnownFileType = sourcecode.swift; path = TilesCollectionViewFlowLayout.swift; sourceTree = "<group>"; };
		438EB8FA28093C97009F783F /* ProductDetailViewController.swift */ = {isa = PBXFileReference; lastKnownFileType = sourcecode.swift; path = ProductDetailViewController.swift; sourceTree = "<group>"; };
		438EB8FC280BD021009F783F /* ProductListViewController.swift */ = {isa = PBXFileReference; lastKnownFileType = sourcecode.swift; path = ProductListViewController.swift; sourceTree = "<group>"; };
		438EB90A280C773D009F783F /* StampSelectViewController.swift */ = {isa = PBXFileReference; lastKnownFileType = sourcecode.swift; path = StampSelectViewController.swift; sourceTree = "<group>"; };
		438EB90F280CB763009F783F /* StampView.swift */ = {isa = PBXFileReference; lastKnownFileType = sourcecode.swift; path = StampView.swift; sourceTree = "<group>"; };
		438EB911280D2643009F783F /* FittingRoomViewController.swift */ = {isa = PBXFileReference; lastKnownFileType = sourcecode.swift; path = FittingRoomViewController.swift; sourceTree = "<group>"; };
		438EB913280DC530009F783F /* StampScrollView.swift */ = {isa = PBXFileReference; lastKnownFileType = sourcecode.swift; path = StampScrollView.swift; sourceTree = "<group>"; };
		43ADB4F2282A9A7A0027D3CE /* hero2.jpg */ = {isa = PBXFileReference; lastKnownFileType = image.jpeg; path = hero2.jpg; sourceTree = "<group>"; };
		43B155F0281E8C950050C884 /* hero1.gif */ = {isa = PBXFileReference; lastKnownFileType = image.gif; path = hero1.gif; sourceTree = "<group>"; };
		43C7653B282FAAB3000DCFC1 /* HeroTop.jpg */ = {isa = PBXFileReference; lastKnownFileType = image.jpeg; path = HeroTop.jpg; sourceTree = "<group>"; };
		43C7653D282FB0F0000DCFC1 /* HeroTop2.jpg */ = {isa = PBXFileReference; lastKnownFileType = image.jpeg; path = HeroTop2.jpg; sourceTree = "<group>"; };
		43C7653F282FB8C6000DCFC1 /* dress2.png */ = {isa = PBXFileReference; lastKnownFileType = image.png; path = dress2.png; sourceTree = "<group>"; };
		43C76540282FB8C7000DCFC1 /* dress1.png */ = {isa = PBXFileReference; lastKnownFileType = image.png; path = dress1.png; sourceTree = "<group>"; };
		43C76544282FC240000DCFC1 /* heroProducts.jpg */ = {isa = PBXFileReference; lastKnownFileType = image.jpeg; path = heroProducts.jpg; sourceTree = "<group>"; };
/* End PBXFileReference section */

/* Begin PBXFrameworksBuildPhase section */
		434A739128040BA500779518 /* Frameworks */ = {
			isa = PBXFrameworksBuildPhase;
			buildActionMask = 2147483647;
			files = (
				435572AF2804B32B00F0924A /* Buy in Frameworks */,
				435572B12804B32B00F0924A /* Pay in Frameworks */,
			);
			runOnlyForDeploymentPostprocessing = 0;
		};
/* End PBXFrameworksBuildPhase section */

/* Begin PBXGroup section */
		434A738B28040BA500779518 = {
			isa = PBXGroup;
			children = (
				434B09D6281FFA870003EFC6 /* fonts */,
				438EB909280C7703009F783F /* images */,
				435572A92804109D00F0924A /* apikey.plist */,
				434A739628040BA500779518 /* Shopify */,
				434A739528040BA500779518 /* Products */,
			);
			sourceTree = "<group>";
		};
		434A739528040BA500779518 /* Products */ = {
			isa = PBXGroup;
			children = (
				434A739428040BA500779518 /* Shopify.app */,
			);
			name = Products;
			sourceTree = "<group>";
		};
		434A739628040BA500779518 /* Shopify */ = {
			isa = PBXGroup;
			children = (
				438EB90C280CB677009F783F /* Views */,
				434A739728040BA500779518 /* AppDelegate.swift */,
				434A739928040BA500779518 /* SceneDelegate.swift */,
				43503050280689A600191E59 /* API */,
				438EB900280BEB0B009F783F /* Layout */,
				438EB8FF280BEAE4009F783F /* Helper */,
				438EB8F528088659009F783F /* Extensions */,
				438EB8FE280BEA34009F783F /* ViewController */,
				434A739D28040BA500779518 /* Main.storyboard */,
				434A73A028040BA700779518 /* Assets.xcassets */,
				434A73A228040BA700779518 /* LaunchScreen.storyboard */,
				434A73A528040BA700779518 /* Info.plist */,
			);
			path = Shopify;
			sourceTree = "<group>";
		};
		434B09D6281FFA870003EFC6 /* fonts */ = {
			isa = PBXGroup;
			children = (
				434B09D2281FFA780003EFC6 /* Montserrat-VariableFont_wght.ttf */,
				434B09D3281FFA780003EFC6 /* Montserrat-Italic-VariableFont_wght.ttf */,
			);
			path = fonts;
			sourceTree = "<group>";
		};
		43503050280689A600191E59 /* API */ = {
			isa = PBXGroup;
			children = (
				4350304E280689A100191E59 /* ShopifyClient.swift */,
			);
			path = API;
			sourceTree = "<group>";
		};
		438EB8F528088659009F783F /* Extensions */ = {
			isa = PBXGroup;
			children = (
				438EB8F32808860F009F783F /* UIImageExtensions.swift */,
			);
			path = Extensions;
			sourceTree = "<group>";
		};
		438EB8FE280BEA34009F783F /* ViewController */ = {
			isa = PBXGroup;
			children = (
				434A739B28040BA500779518 /* ViewController.swift */,
				438EB8FC280BD021009F783F /* ProductListViewController.swift */,
				438EB8FA28093C97009F783F /* ProductDetailViewController.swift */,
				438EB90A280C773D009F783F /* StampSelectViewController.swift */,
				438EB911280D2643009F783F /* FittingRoomViewController.swift */,
			);
			path = ViewController;
			sourceTree = "<group>";
		};
		438EB8FF280BEAE4009F783F /* Helper */ = {
			isa = PBXGroup;
			children = (
				435572AB2804129500F0924A /* KeyManager.swift */,
			);
			path = Helper;
			sourceTree = "<group>";
		};
		438EB900280BEB0B009F783F /* Layout */ = {
			isa = PBXGroup;
			children = (
				438EB8F62808B392009F783F /* TilesCollectionViewFlowLayout.swift */,
			);
			path = Layout;
			sourceTree = "<group>";
		};
		438EB909280C7703009F783F /* images */ = {
			isa = PBXGroup;
			children = (
				43C76543282FB8CF000DCFC1 /* fittingRoom */,
				43C76538282FA54D000DCFC1 /* icons */,
				43B155F2281E8C9D0050C884 /* hero */,
			);
			path = images;
			sourceTree = "<group>";
		};
		438EB90C280CB677009F783F /* Views */ = {
			isa = PBXGroup;
			children = (
				438EB913280DC530009F783F /* StampScrollView.swift */,
				438EB90F280CB763009F783F /* StampView.swift */,
			);
			path = Views;
			sourceTree = "<group>";
		};
		43B155F2281E8C9D0050C884 /* hero */ = {
			isa = PBXGroup;
			children = (
				43C76544282FC240000DCFC1 /* heroProducts.jpg */,
				43C7653B282FAAB3000DCFC1 /* HeroTop.jpg */,
				43C7653D282FB0F0000DCFC1 /* HeroTop2.jpg */,
				43ADB4F2282A9A7A0027D3CE /* hero2.jpg */,
				43B155F0281E8C950050C884 /* hero1.gif */,
			);
			path = hero;
			sourceTree = "<group>";
		};
		43C76538282FA54D000DCFC1 /* icons */ = {
			isa = PBXGroup;
			children = (
				438B3DDD283363BF00A1C77A /* icon-dress.png */,
				438B3DDB2833622500A1C77A /* icon-dress@2x.png */,
			);
			path = icons;
			sourceTree = "<group>";
		};
		43C76543282FB8CF000DCFC1 /* fittingRoom */ = {
			isa = PBXGroup;
			children = (
				43C76540282FB8C7000DCFC1 /* dress1.png */,
				43C7653F282FB8C6000DCFC1 /* dress2.png */,
			);
			path = fittingRoom;
			sourceTree = "<group>";
		};
/* End PBXGroup section */

/* Begin PBXNativeTarget section */
		434A739328040BA500779518 /* Shopify */ = {
			isa = PBXNativeTarget;
			buildConfigurationList = 434A73A828040BA700779518 /* Build configuration list for PBXNativeTarget "Shopify" */;
			buildPhases = (
				434A739028040BA500779518 /* Sources */,
				434A739128040BA500779518 /* Frameworks */,
				434A739228040BA500779518 /* Resources */,
			);
			buildRules = (
			);
			dependencies = (
			);
			name = Shopify;
			packageProductDependencies = (
				435572AE2804B32B00F0924A /* Buy */,
				435572B02804B32B00F0924A /* Pay */,
			);
			productName = Shopify;
			productReference = 434A739428040BA500779518 /* Shopify.app */;
			productType = "com.apple.product-type.application";
		};
/* End PBXNativeTarget section */

/* Begin PBXProject section */
		434A738C28040BA500779518 /* Project object */ = {
			isa = PBXProject;
			attributes = {
				BuildIndependentTargetsInParallel = 1;
				LastSwiftUpdateCheck = 1320;
				LastUpgradeCheck = 1320;
				TargetAttributes = {
					434A739328040BA500779518 = {
						CreatedOnToolsVersion = 13.2.1;
					};
				};
			};
			buildConfigurationList = 434A738F28040BA500779518 /* Build configuration list for PBXProject "Shopify" */;
			compatibilityVersion = "Xcode 13.0";
			developmentRegion = en;
			hasScannedForEncodings = 0;
			knownRegions = (
				en,
				Base,
			);
			mainGroup = 434A738B28040BA500779518;
			packageReferences = (
				435572AD2804B32B00F0924A /* XCRemoteSwiftPackageReference "mobile-buy-sdk-ios" */,
			);
			productRefGroup = 434A739528040BA500779518 /* Products */;
			projectDirPath = "";
			projectRoot = "";
			targets = (
				434A739328040BA500779518 /* Shopify */,
			);
		};
/* End PBXProject section */

/* Begin PBXResourcesBuildPhase section */
		434A739228040BA500779518 /* Resources */ = {
			isa = PBXResourcesBuildPhase;
			buildActionMask = 2147483647;
			files = (
				43C76541282FB8C7000DCFC1 /* dress2.png in Resources */,
				438B3DDE283363BF00A1C77A /* icon-dress.png in Resources */,
				43C76545282FC240000DCFC1 /* heroProducts.jpg in Resources */,
				43C7653E282FB0F0000DCFC1 /* HeroTop2.jpg in Resources */,
				43B155F1281E8C950050C884 /* hero1.gif in Resources */,
				438B3DDC2833622500A1C77A /* icon-dress@2x.png in Resources */,
				434B09D5281FFA780003EFC6 /* Montserrat-Italic-VariableFont_wght.ttf in Resources */,
				434A73A428040BA700779518 /* LaunchScreen.storyboard in Resources */,
				43ADB4F3282A9A7A0027D3CE /* hero2.jpg in Resources */,
				434A73A128040BA700779518 /* Assets.xcassets in Resources */,
				434B09D4281FFA780003EFC6 /* Montserrat-VariableFont_wght.ttf in Resources */,
				434A739F28040BA500779518 /* Main.storyboard in Resources */,
				435572AA2804109D00F0924A /* apikey.plist in Resources */,
				43C76542282FB8C7000DCFC1 /* dress1.png in Resources */,
				43C7653C282FAAB3000DCFC1 /* HeroTop.jpg in Resources */,
			);
			runOnlyForDeploymentPostprocessing = 0;
		};
/* End PBXResourcesBuildPhase section */

/* Begin PBXSourcesBuildPhase section */
		434A739028040BA500779518 /* Sources */ = {
			isa = PBXSourcesBuildPhase;
			buildActionMask = 2147483647;
			files = (
				438EB912280D2643009F783F /* FittingRoomViewController.swift in Sources */,
				434A739C28040BA500779518 /* ViewController.swift in Sources */,
				438EB910280CB763009F783F /* StampView.swift in Sources */,
				438EB8FD280BD021009F783F /* ProductListViewController.swift in Sources */,
				4350304F280689A100191E59 /* ShopifyClient.swift in Sources */,
				434A739828040BA500779518 /* AppDelegate.swift in Sources */,
				438EB914280DC530009F783F /* StampScrollView.swift in Sources */,
				438EB8F42808860F009F783F /* UIImageExtensions.swift in Sources */,
				438EB8F72808B392009F783F /* TilesCollectionViewFlowLayout.swift in Sources */,
				438EB90B280C773D009F783F /* StampSelectViewController.swift in Sources */,
				438EB8FB28093C97009F783F /* ProductDetailViewController.swift in Sources */,
				434A739A28040BA500779518 /* SceneDelegate.swift in Sources */,
				435572AC2804129500F0924A /* KeyManager.swift in Sources */,
			);
			runOnlyForDeploymentPostprocessing = 0;
		};
/* End PBXSourcesBuildPhase section */

/* Begin PBXVariantGroup section */
		434A739D28040BA500779518 /* Main.storyboard */ = {
			isa = PBXVariantGroup;
			children = (
				434A739E28040BA500779518 /* Base */,
			);
			name = Main.storyboard;
			sourceTree = "<group>";
		};
		434A73A228040BA700779518 /* LaunchScreen.storyboard */ = {
			isa = PBXVariantGroup;
			children = (
				434A73A328040BA700779518 /* Base */,
			);
			name = LaunchScreen.storyboard;
			sourceTree = "<group>";
		};
/* End PBXVariantGroup section */

/* Begin XCBuildConfiguration section */
		434A73A628040BA700779518 /* Debug */ = {
			isa = XCBuildConfiguration;
			buildSettings = {
				ALWAYS_SEARCH_USER_PATHS = NO;
				CLANG_ANALYZER_NONNULL = YES;
				CLANG_ANALYZER_NUMBER_OBJECT_CONVERSION = YES_AGGRESSIVE;
				CLANG_CXX_LANGUAGE_STANDARD = "gnu++17";
				CLANG_CXX_LIBRARY = "libc++";
				CLANG_ENABLE_MODULES = YES;
				CLANG_ENABLE_OBJC_ARC = YES;
				CLANG_ENABLE_OBJC_WEAK = YES;
				CLANG_WARN_BLOCK_CAPTURE_AUTORELEASING = YES;
				CLANG_WARN_BOOL_CONVERSION = YES;
				CLANG_WARN_COMMA = YES;
				CLANG_WARN_CONSTANT_CONVERSION = YES;
				CLANG_WARN_DEPRECATED_OBJC_IMPLEMENTATIONS = YES;
				CLANG_WARN_DIRECT_OBJC_ISA_USAGE = YES_ERROR;
				CLANG_WARN_DOCUMENTATION_COMMENTS = YES;
				CLANG_WARN_EMPTY_BODY = YES;
				CLANG_WARN_ENUM_CONVERSION = YES;
				CLANG_WARN_INFINITE_RECURSION = YES;
				CLANG_WARN_INT_CONVERSION = YES;
				CLANG_WARN_NON_LITERAL_NULL_CONVERSION = YES;
				CLANG_WARN_OBJC_IMPLICIT_RETAIN_SELF = YES;
				CLANG_WARN_OBJC_LITERAL_CONVERSION = YES;
				CLANG_WARN_OBJC_ROOT_CLASS = YES_ERROR;
				CLANG_WARN_QUOTED_INCLUDE_IN_FRAMEWORK_HEADER = YES;
				CLANG_WARN_RANGE_LOOP_ANALYSIS = YES;
				CLANG_WARN_STRICT_PROTOTYPES = YES;
				CLANG_WARN_SUSPICIOUS_MOVE = YES;
				CLANG_WARN_UNGUARDED_AVAILABILITY = YES_AGGRESSIVE;
				CLANG_WARN_UNREACHABLE_CODE = YES;
				CLANG_WARN__DUPLICATE_METHOD_MATCH = YES;
				COPY_PHASE_STRIP = NO;
				DEBUG_INFORMATION_FORMAT = dwarf;
				ENABLE_STRICT_OBJC_MSGSEND = YES;
				ENABLE_TESTABILITY = YES;
				GCC_C_LANGUAGE_STANDARD = gnu11;
				GCC_DYNAMIC_NO_PIC = NO;
				GCC_NO_COMMON_BLOCKS = YES;
				GCC_OPTIMIZATION_LEVEL = 0;
				GCC_PREPROCESSOR_DEFINITIONS = (
					"DEBUG=1",
					"$(inherited)",
				);
				GCC_WARN_64_TO_32_BIT_CONVERSION = YES;
				GCC_WARN_ABOUT_RETURN_TYPE = YES_ERROR;
				GCC_WARN_UNDECLARED_SELECTOR = YES;
				GCC_WARN_UNINITIALIZED_AUTOS = YES_AGGRESSIVE;
				GCC_WARN_UNUSED_FUNCTION = YES;
				GCC_WARN_UNUSED_VARIABLE = YES;
				IPHONEOS_DEPLOYMENT_TARGET = 15.2;
				MTL_ENABLE_DEBUG_INFO = INCLUDE_SOURCE;
				MTL_FAST_MATH = YES;
				ONLY_ACTIVE_ARCH = YES;
				SDKROOT = iphoneos;
				SWIFT_ACTIVE_COMPILATION_CONDITIONS = DEBUG;
				SWIFT_OPTIMIZATION_LEVEL = "-Onone";
			};
			name = Debug;
		};
		434A73A728040BA700779518 /* Release */ = {
			isa = XCBuildConfiguration;
			buildSettings = {
				ALWAYS_SEARCH_USER_PATHS = NO;
				CLANG_ANALYZER_NONNULL = YES;
				CLANG_ANALYZER_NUMBER_OBJECT_CONVERSION = YES_AGGRESSIVE;
				CLANG_CXX_LANGUAGE_STANDARD = "gnu++17";
				CLANG_CXX_LIBRARY = "libc++";
				CLANG_ENABLE_MODULES = YES;
				CLANG_ENABLE_OBJC_ARC = YES;
				CLANG_ENABLE_OBJC_WEAK = YES;
				CLANG_WARN_BLOCK_CAPTURE_AUTORELEASING = YES;
				CLANG_WARN_BOOL_CONVERSION = YES;
				CLANG_WARN_COMMA = YES;
				CLANG_WARN_CONSTANT_CONVERSION = YES;
				CLANG_WARN_DEPRECATED_OBJC_IMPLEMENTATIONS = YES;
				CLANG_WARN_DIRECT_OBJC_ISA_USAGE = YES_ERROR;
				CLANG_WARN_DOCUMENTATION_COMMENTS = YES;
				CLANG_WARN_EMPTY_BODY = YES;
				CLANG_WARN_ENUM_CONVERSION = YES;
				CLANG_WARN_INFINITE_RECURSION = YES;
				CLANG_WARN_INT_CONVERSION = YES;
				CLANG_WARN_NON_LITERAL_NULL_CONVERSION = YES;
				CLANG_WARN_OBJC_IMPLICIT_RETAIN_SELF = YES;
				CLANG_WARN_OBJC_LITERAL_CONVERSION = YES;
				CLANG_WARN_OBJC_ROOT_CLASS = YES_ERROR;
				CLANG_WARN_QUOTED_INCLUDE_IN_FRAMEWORK_HEADER = YES;
				CLANG_WARN_RANGE_LOOP_ANALYSIS = YES;
				CLANG_WARN_STRICT_PROTOTYPES = YES;
				CLANG_WARN_SUSPICIOUS_MOVE = YES;
				CLANG_WARN_UNGUARDED_AVAILABILITY = YES_AGGRESSIVE;
				CLANG_WARN_UNREACHABLE_CODE = YES;
				CLANG_WARN__DUPLICATE_METHOD_MATCH = YES;
				COPY_PHASE_STRIP = NO;
				DEBUG_INFORMATION_FORMAT = "dwarf-with-dsym";
				ENABLE_NS_ASSERTIONS = NO;
				ENABLE_STRICT_OBJC_MSGSEND = YES;
				GCC_C_LANGUAGE_STANDARD = gnu11;
				GCC_NO_COMMON_BLOCKS = YES;
				GCC_WARN_64_TO_32_BIT_CONVERSION = YES;
				GCC_WARN_ABOUT_RETURN_TYPE = YES_ERROR;
				GCC_WARN_UNDECLARED_SELECTOR = YES;
				GCC_WARN_UNINITIALIZED_AUTOS = YES_AGGRESSIVE;
				GCC_WARN_UNUSED_FUNCTION = YES;
				GCC_WARN_UNUSED_VARIABLE = YES;
				IPHONEOS_DEPLOYMENT_TARGET = 15.2;
				MTL_ENABLE_DEBUG_INFO = NO;
				MTL_FAST_MATH = YES;
				SDKROOT = iphoneos;
				SWIFT_COMPILATION_MODE = wholemodule;
				SWIFT_OPTIMIZATION_LEVEL = "-O";
				VALIDATE_PRODUCT = YES;
			};
			name = Release;
		};
		434A73A928040BA700779518 /* Debug */ = {
			isa = XCBuildConfiguration;
			buildSettings = {
				ASSETCATALOG_COMPILER_APPICON_NAME = AppIcon;
				ASSETCATALOG_COMPILER_GLOBAL_ACCENT_COLOR_NAME = AccentColor;
				CODE_SIGN_STYLE = Automatic;
				CURRENT_PROJECT_VERSION = 1;
				DEVELOPMENT_TEAM = LW3THBZ2Y7;
				GENERATE_INFOPLIST_FILE = YES;
				INFOPLIST_FILE = Shopify/Info.plist;
				INFOPLIST_KEY_UIApplicationSupportsIndirectInputEvents = YES;
				INFOPLIST_KEY_UILaunchStoryboardName = LaunchScreen;
				INFOPLIST_KEY_UIMainStoryboardFile = Main;
				INFOPLIST_KEY_UISupportedInterfaceOrientations = "UIInterfaceOrientationPortrait UIInterfaceOrientationPortraitUpsideDown";
				INFOPLIST_KEY_UISupportedInterfaceOrientations_iPad = "UIInterfaceOrientationPortrait UIInterfaceOrientationPortraitUpsideDown UIInterfaceOrientationLandscapeLeft UIInterfaceOrientationLandscapeRight";
				INFOPLIST_KEY_UISupportedInterfaceOrientations_iPhone = "UIInterfaceOrientationPortrait UIInterfaceOrientationLandscapeLeft UIInterfaceOrientationLandscapeRight";
				IPHONEOS_DEPLOYMENT_TARGET = 13.0;
				LD_RUNPATH_SEARCH_PATHS = (
					"$(inherited)",
					"@executable_path/Frameworks",
				);
				MARKETING_VERSION = 1.0;
				PRODUCT_BUNDLE_IDENTIFIER = com.studiokaori.KaoriShopify;
				PRODUCT_NAME = "$(TARGET_NAME)";
				SWIFT_EMIT_LOC_STRINGS = YES;
				SWIFT_VERSION = 5.0;
				TARGETED_DEVICE_FAMILY = "1,2";
			};
			name = Debug;
		};
		434A73AA28040BA700779518 /* Release */ = {
			isa = XCBuildConfiguration;
			buildSettings = {
				ASSETCATALOG_COMPILER_APPICON_NAME = AppIcon;
				ASSETCATALOG_COMPILER_GLOBAL_ACCENT_COLOR_NAME = AccentColor;
				CODE_SIGN_STYLE = Automatic;
				CURRENT_PROJECT_VERSION = 1;
				DEVELOPMENT_TEAM = LW3THBZ2Y7;
				GENERATE_INFOPLIST_FILE = YES;
				INFOPLIST_FILE = Shopify/Info.plist;
				INFOPLIST_KEY_UIApplicationSupportsIndirectInputEvents = YES;
				INFOPLIST_KEY_UILaunchStoryboardName = LaunchScreen;
				INFOPLIST_KEY_UIMainStoryboardFile = Main;
				INFOPLIST_KEY_UISupportedInterfaceOrientations = "UIInterfaceOrientationPortrait UIInterfaceOrientationPortraitUpsideDown";
				INFOPLIST_KEY_UISupportedInterfaceOrientations_iPad = "UIInterfaceOrientationPortrait UIInterfaceOrientationPortraitUpsideDown UIInterfaceOrientationLandscapeLeft UIInterfaceOrientationLandscapeRight";
				INFOPLIST_KEY_UISupportedInterfaceOrientations_iPhone = "UIInterfaceOrientationPortrait UIInterfaceOrientationLandscapeLeft UIInterfaceOrientationLandscapeRight";
				IPHONEOS_DEPLOYMENT_TARGET = 13.0;
				LD_RUNPATH_SEARCH_PATHS = (
					"$(inherited)",
					"@executable_path/Frameworks",
				);
				MARKETING_VERSION = 1.0;
				PRODUCT_BUNDLE_IDENTIFIER = com.studiokaori.KaoriShopify;
				PRODUCT_NAME = "$(TARGET_NAME)";
				SWIFT_EMIT_LOC_STRINGS = YES;
				SWIFT_VERSION = 5.0;
				TARGETED_DEVICE_FAMILY = "1,2";
			};
			name = Release;
		};
/* End XCBuildConfiguration section */

/* Begin XCConfigurationList section */
		434A738F28040BA500779518 /* Build configuration list for PBXProject "Shopify" */ = {
			isa = XCConfigurationList;
			buildConfigurations = (
				434A73A628040BA700779518 /* Debug */,
				434A73A728040BA700779518 /* Release */,
			);
			defaultConfigurationIsVisible = 0;
			defaultConfigurationName = Release;
		};
		434A73A828040BA700779518 /* Build configuration list for PBXNativeTarget "Shopify" */ = {
			isa = XCConfigurationList;
			buildConfigurations = (
				434A73A928040BA700779518 /* Debug */,
				434A73AA28040BA700779518 /* Release */,
			);
			defaultConfigurationIsVisible = 0;
			defaultConfigurationName = Release;
		};
/* End XCConfigurationList section */

/* Begin XCRemoteSwiftPackageReference section */
		435572AD2804B32B00F0924A /* XCRemoteSwiftPackageReference "mobile-buy-sdk-ios" */ = {
			isa = XCRemoteSwiftPackageReference;
			repositoryURL = "https://github.com/StudioKaori/mobile-buy-sdk-ios";
			requirement = {
				kind = upToNextMajorVersion;
				minimumVersion = 7.0.0;
			};
		};
/* End XCRemoteSwiftPackageReference section */

/* Begin XCSwiftPackageProductDependency section */
		435572AE2804B32B00F0924A /* Buy */ = {
			isa = XCSwiftPackageProductDependency;
			package = 435572AD2804B32B00F0924A /* XCRemoteSwiftPackageReference "mobile-buy-sdk-ios" */;
			productName = Buy;
		};
		435572B02804B32B00F0924A /* Pay */ = {
			isa = XCSwiftPackageProductDependency;
			package = 435572AD2804B32B00F0924A /* XCRemoteSwiftPackageReference "mobile-buy-sdk-ios" */;
			productName = Pay;
		};
/* End XCSwiftPackageProductDependency section */
	};
	rootObject = 434A738C28040BA500779518 /* Project object */;
}
